// !$*UTF8*$!
{
	archiveVersion = 1;
	classes = {
	};
	objectVersion = 50;
	objects = {

/* Begin PBXBuildFile section */
		38E016D4243A307E006D8A0B /* AppDelegate.swift in Sources */ = {isa = PBXBuildFile; fileRef = 38E016D3243A307E006D8A0B /* AppDelegate.swift */; };
		38E016D6243A307E006D8A0B /* SceneDelegate.swift in Sources */ = {isa = PBXBuildFile; fileRef = 38E016D5243A307E006D8A0B /* SceneDelegate.swift */; };
		38E016D8243A307E006D8A0B /* ViewController.swift in Sources */ = {isa = PBXBuildFile; fileRef = 38E016D7243A307E006D8A0B /* ViewController.swift */; };
		38E016DB243A307E006D8A0B /* Main.storyboard in Resources */ = {isa = PBXBuildFile; fileRef = 38E016D9243A307E006D8A0B /* Main.storyboard */; };
		38E016DD243A3082006D8A0B /* Assets.xcassets in Resources */ = {isa = PBXBuildFile; fileRef = 38E016DC243A3082006D8A0B /* Assets.xcassets */; };
		38E016E0243A3082006D8A0B /* LaunchScreen.storyboard in Resources */ = {isa = PBXBuildFile; fileRef = 38E016DE243A3082006D8A0B /* LaunchScreen.storyboard */; };
/* End PBXBuildFile section */

/* Begin PBXFileReference section */
		38E016D0243A307E006D8A0B /* bingebot.app */ = {isa = PBXFileReference; explicitFileType = wrapper.application; includeInIndex = 0; path = bingebot.app; sourceTree = BUILT_PRODUCTS_DIR; };
		38E016D3243A307E006D8A0B /* AppDelegate.swift */ = {isa = PBXFileReference; lastKnownFileType = sourcecode.swift; path = AppDelegate.swift; sourceTree = "<group>"; };
		38E016D5243A307E006D8A0B /* SceneDelegate.swift */ = {isa = PBXFileReference; lastKnownFileType = sourcecode.swift; path = SceneDelegate.swift; sourceTree = "<group>"; };
		38E016D7243A307E006D8A0B /* ViewController.swift */ = {isa = PBXFileReference; lastKnownFileType = sourcecode.swift; path = ViewController.swift; sourceTree = "<group>"; };
		38E016DA243A307E006D8A0B /* Base */ = {isa = PBXFileReference; lastKnownFileType = file.storyboard; name = Base; path = Base.lproj/Main.storyboard; sourceTree = "<group>"; };
		38E016DC243A3082006D8A0B /* Assets.xcassets */ = {isa = PBXFileReference; lastKnownFileType = folder.assetcatalog; path = Assets.xcassets; sourceTree = "<group>"; };
		38E016DF243A3082006D8A0B /* Base */ = {isa = PBXFileReference; lastKnownFileType = file.storyboard; name = Base; path = Base.lproj/LaunchScreen.storyboard; sourceTree = "<group>"; };
		38E016E1243A3082006D8A0B /* Info.plist */ = {isa = PBXFileReference; lastKnownFileType = text.plist.xml; path = Info.plist; sourceTree = "<group>"; };
/* End PBXFileReference section */

/* Begin PBXFrameworksBuildPhase section */
		38E016CD243A307E006D8A0B /* Frameworks */ = {
			isa = PBXFrameworksBuildPhase;
			buildActionMask = 2147483647;
			files = (
			);
			runOnlyForDeploymentPostprocessing = 0;
		};
/* End PBXFrameworksBuildPhase section */

/* Begin PBXGroup section */
		38E016C7243A307E006D8A0B = {
			isa = PBXGroup;
			children = (
				38E016D2243A307E006D8A0B /* bingebot */,
				38E016D1243A307E006D8A0B /* Products */,
			);
			sourceTree = "<group>";
		};
		38E016D1243A307E006D8A0B /* Products */ = {
			isa = PBXGroup;
			children = (
				38E016D0243A307E006D8A0B /* bingebot.app */,
			);
			name = Products;
			sourceTree = "<group>";
		};
		38E016D2243A307E006D8A0B /* bingebot */ = {
			isa = PBXGroup;
			children = (
				38E016D3243A307E006D8A0B /* AppDelegate.swift */,
				38E016D5243A307E006D8A0B /* SceneDelegate.swift */,
				38E016D7243A307E006D8A0B /* ViewController.swift */,
				38E016D9243A307E006D8A0B /* Main.storyboard */,
				38E016DC243A3082006D8A0B /* Assets.xcassets */,
				38E016DE243A3082006D8A0B /* LaunchScreen.storyboard */,
				38E016E1243A3082006D8A0B /* Info.plist */,
			);
			path = bingebot;
			sourceTree = "<group>";
		};
/* End PBXGroup section */

/* Begin PBXNativeTarget section */
		38E016CF243A307E006D8A0B /* bingebot */ = {
			isa = PBXNativeTarget;
			buildConfigurationList = 38E016E4243A3082006D8A0B /* Build configuration list for PBXNativeTarget "bingebot" */;
			buildPhases = (
				38E016CC243A307E006D8A0B /* Sources */,
				38E016CD243A307E006D8A0B /* Frameworks */,
				38E016CE243A307E006D8A0B /* Resources */,
			);
			buildRules = (
			);
			dependencies = (
			);
			name = bingebot;
			productName = bingebot;
			productReference = 38E016D0243A307E006D8A0B /* bingebot.app */;
			productType = "com.apple.product-type.application";
		};
/* End PBXNativeTarget section */

/* Begin PBXProject section */
		38E016C8243A307E006D8A0B /* Project object */ = {
			isa = PBXProject;
			attributes = {
				LastSwiftUpdateCheck = 1130;
				LastUpgradeCheck = 1130;
				ORGANIZATIONNAME = "Abraham Lay (ID)";
				TargetAttributes = {
					38E016CF243A307E006D8A0B = {
						CreatedOnToolsVersion = 11.3.1;
					};
				};
			};
			buildConfigurationList = 38E016CB243A307E006D8A0B /* Build configuration list for PBXProject "bingebot" */;
			compatibilityVersion = "Xcode 9.3";
			developmentRegion = en;
			hasScannedForEncodings = 0;
			knownRegions = (
				en,
				Base,
			);
			mainGroup = 38E016C7243A307E006D8A0B;
			productRefGroup = 38E016D1243A307E006D8A0B /* Products */;
			projectDirPath = "";
			projectRoot = "";
			targets = (
				38E016CF243A307E006D8A0B /* bingebot */,
			);
		};
/* End PBXProject section */

/* Begin PBXResourcesBuildPhase section */
		38E016CE243A307E006D8A0B /* Resources */ = {
			isa = PBXResourcesBuildPhase;
			buildActionMask = 2147483647;
			files = (
				38E016E0243A3082006D8A0B /* LaunchScreen.storyboard in Resources */,
				38E016DD243A3082006D8A0B /* Assets.xcassets in Resources */,
				38E016DB243A307E006D8A0B /* Main.storyboard in Resources */,
			);
			runOnlyForDeploymentPostprocessing = 0;
		};
/* End PBXResourcesBuildPhase section */

/* Begin PBXSourcesBuildPhase section */
		38E016CC243A307E006D8A0B /* Sources */ = {
			isa = PBXSourcesBuildPhase;
			buildActionMask = 2147483647;
			files = (
				38E016D8243A307E006D8A0B /* ViewController.swift in Sources */,
				38E016D4243A307E006D8A0B /* AppDelegate.swift in Sources */,
				38E016D6243A307E006D8A0B /* SceneDelegate.swift in Sources */,
			);
			runOnlyForDeploymentPostprocessing = 0;
		};
/* End PBXSourcesBuildPhase section */

/* Begin PBXVariantGroup section */
		38E016D9243A307E006D8A0B /* Main.storyboard */ = {
			isa = PBXVariantGroup;
			children = (
				38E016DA243A307E006D8A0B /* Base */,
			);
			name = Main.storyboard;
			sourceTree = "<group>";
		};
		38E016DE243A3082006D8A0B /* LaunchScreen.storyboard */ = {
			isa = PBXVariantGroup;
			children = (
				38E016DF243A3082006D8A0B /* Base */,
			);
			name = LaunchScreen.storyboard;
			sourceTree = "<group>";
		};
/* End PBXVariantGroup section */

/* Begin XCBuildConfiguration section */
		38E016E2243A3082006D8A0B /* Debug */ = {
			isa = XCBuildConfiguration;
			buildSettings = {
				ALWAYS_SEARCH_USER_PATHS = NO;
				CLANG_ANALYZER_NONNULL = YES;
				CLANG_ANALYZER_NUMBER_OBJECT_CONVERSION = YES_AGGRESSIVE;
				CLANG_CXX_LANGUAGE_STANDARD = "gnu++14";
				CLANG_CXX_LIBRARY = "libc++";
				CLANG_ENABLE_MODULES = YES;
				CLANG_ENABLE_OBJC_ARC = YES;
				CLANG_ENABLE_OBJC_WEAK = YES;
				CLANG_WARN_BLOCK_CAPTURE_AUTORELEASING = YES;
				CLANG_WARN_BOOL_CONVERSION = YES;
				CLANG_WARN_COMMA = YES;
				CLANG_WARN_CONSTANT_CONVERSION = YES;
				CLANG_WARN_DEPRECATED_OBJC_IMPLEMENTATIONS = YES;
				CLANG_WARN_DIRECT_OBJC_ISA_USAGE = YES_ERROR;
				CLANG_WARN_DOCUMENTATION_COMMENTS = YES;
				CLANG_WARN_EMPTY_BODY = YES;
				CLANG_WARN_ENUM_CONVERSION = YES;
				CLANG_WARN_INFINITE_RECURSION = YES;
				CLANG_WARN_INT_CONVERSION = YES;
				CLANG_WARN_NON_LITERAL_NULL_CONVERSION = YES;
				CLANG_WARN_OBJC_IMPLICIT_RETAIN_SELF = YES;
				CLANG_WARN_OBJC_LITERAL_CONVERSION = YES;
				CLANG_WARN_OBJC_ROOT_CLASS = YES_ERROR;
				CLANG_WARN_RANGE_LOOP_ANALYSIS = YES;
				CLANG_WARN_STRICT_PROTOTYPES = YES;
				CLANG_WARN_SUSPICIOUS_MOVE = YES;
				CLANG_WARN_UNGUARDED_AVAILABILITY = YES_AGGRESSIVE;
				CLANG_WARN_UNREACHABLE_CODE = YES;
				CLANG_WARN__DUPLICATE_METHOD_MATCH = YES;
				COPY_PHASE_STRIP = NO;
				DEBUG_INFORMATION_FORMAT = dwarf;
				ENABLE_STRICT_OBJC_MSGSEND = YES;
				ENABLE_TESTABILITY = YES;
				GCC_C_LANGUAGE_STANDARD = gnu11;
				GCC_DYNAMIC_NO_PIC = NO;
				GCC_NO_COMMON_BLOCKS = YES;
				GCC_OPTIMIZATION_LEVEL = 0;
				GCC_PREPROCESSOR_DEFINITIONS = (
					"DEBUG=1",
					"$(inherited)",
				);
				GCC_WARN_64_TO_32_BIT_CONVERSION = YES;
				GCC_WARN_ABOUT_RETURN_TYPE = YES_ERROR;
				GCC_WARN_UNDECLARED_SELECTOR = YES;
				GCC_WARN_UNINITIALIZED_AUTOS = YES_AGGRESSIVE;
				GCC_WARN_UNUSED_FUNCTION = YES;
				GCC_WARN_UNUSED_VARIABLE = YES;
				IPHONEOS_DEPLOYMENT_TARGET = 13.2;
				MTL_ENABLE_DEBUG_INFO = INCLUDE_SOURCE;
				MTL_FAST_MATH = YES;
				ONLY_ACTIVE_ARCH = YES;
				SDKROOT = iphoneos;
				SWIFT_ACTIVE_COMPILATION_CONDITIONS = DEBUG;
				SWIFT_OPTIMIZATION_LEVEL = "-Onone";
			};
			name = Debug;
		};
		38E016E3243A3082006D8A0B /* Release */ = {
			isa = XCBuildConfiguration;
			buildSettings = {
				ALWAYS_SEARCH_USER_PATHS = NO;
				CLANG_ANALYZER_NONNULL = YES;
				CLANG_ANALYZER_NUMBER_OBJECT_CONVERSION = YES_AGGRESSIVE;
				CLANG_CXX_LANGUAGE_STANDARD = "gnu++14";
				CLANG_CXX_LIBRARY = "libc++";
				CLANG_ENABLE_MODULES = YES;
				CLANG_ENABLE_OBJC_ARC = YES;
				CLANG_ENABLE_OBJC_WEAK = YES;
				CLANG_WARN_BLOCK_CAPTURE_AUTORELEASING = YES;
				CLANG_WARN_BOOL_CONVERSION = YES;
				CLANG_WARN_COMMA = YES;
				CLANG_WARN_CONSTANT_CONVERSION = YES;
				CLANG_WARN_DEPRECATED_OBJC_IMPLEMENTATIONS = YES;
				CLANG_WARN_DIRECT_OBJC_ISA_USAGE = YES_ERROR;
				CLANG_WARN_DOCUMENTATION_COMMENTS = YES;
				CLANG_WARN_EMPTY_BODY = YES;
				CLANG_WARN_ENUM_CONVERSION = YES;
				CLANG_WARN_INFINITE_RECURSION = YES;
				CLANG_WARN_INT_CONVERSION = YES;
				CLANG_WARN_NON_LITERAL_NULL_CONVERSION = YES;
				CLANG_WARN_OBJC_IMPLICIT_RETAIN_SELF = YES;
				CLANG_WARN_OBJC_LITERAL_CONVERSION = YES;
				CLANG_WARN_OBJC_ROOT_CLASS = YES_ERROR;
				CLANG_WARN_RANGE_LOOP_ANALYSIS = YES;
				CLANG_WARN_STRICT_PROTOTYPES = YES;
				CLANG_WARN_SUSPICIOUS_MOVE = YES;
				CLANG_WARN_UNGUARDED_AVAILABILITY = YES_AGGRESSIVE;
				CLANG_WARN_UNREACHABLE_CODE = YES;
				CLANG_WARN__DUPLICATE_METHOD_MATCH = YES;
				COPY_PHASE_STRIP = NO;
				DEBUG_INFORMATION_FORMAT = "dwarf-with-dsym";
				ENABLE_NS_ASSERTIONS = NO;
				ENABLE_STRICT_OBJC_MSGSEND = YES;
				GCC_C_LANGUAGE_STANDARD = gnu11;
				GCC_NO_COMMON_BLOCKS = YES;
				GCC_WARN_64_TO_32_BIT_CONVERSION = YES;
				GCC_WARN_ABOUT_RETURN_TYPE = YES_ERROR;
				GCC_WARN_UNDECLARED_SELECTOR = YES;
				GCC_WARN_UNINITIALIZED_AUTOS = YES_AGGRESSIVE;
				GCC_WARN_UNUSED_FUNCTION = YES;
				GCC_WARN_UNUSED_VARIABLE = YES;
				IPHONEOS_DEPLOYMENT_TARGET = 13.2;
				MTL_ENABLE_DEBUG_INFO = NO;
				MTL_FAST_MATH = YES;
				SDKROOT = iphoneos;
				SWIFT_COMPILATION_MODE = wholemodule;
				SWIFT_OPTIMIZATION_LEVEL = "-O";
				VALIDATE_PRODUCT = YES;
			};
			name = Release;
		};
		38E016E5243A3082006D8A0B /* Debug */ = {
			isa = XCBuildConfiguration;
			buildSettings = {
				ASSETCATALOG_COMPILER_APPICON_NAME = AppIcon;
				CODE_SIGN_STYLE = Automatic;
				DEVELOPMENT_TEAM = THP279BY8P;
				INFOPLIST_FILE = bingebot/Info.plist;
				LD_RUNPATH_SEARCH_PATHS = (
					"$(inherited)",
					"@executable_path/Frameworks",
				);
				PRODUCT_BUNDLE_IDENTIFIER = com.abrahamlay.bingebot;
				PRODUCT_NAME = "$(TARGET_NAME)";
				SWIFT_VERSION = 5.0;
				TARGETED_DEVICE_FAMILY = "1,2";
			};
			name = Debug;
		};
		38E016E6243A3082006D8A0B /* Release */ = {
			isa = XCBuildConfiguration;
			buildSettings = {
				ASSETCATALOG_COMPILER_APPICON_NAME = AppIcon;
				CODE_SIGN_STYLE = Automatic;
				DEVELOPMENT_TEAM = THP279BY8P;
				INFOPLIST_FILE = bingebot/Info.plist;
				LD_RUNPATH_SEARCH_PATHS = (
					"$(inherited)",
					"@executable_path/Frameworks",
				);
				PRODUCT_BUNDLE_IDENTIFIER = com.abrahamlay.bingebot;
				PRODUCT_NAME = "$(TARGET_NAME)";
				SWIFT_VERSION = 5.0;
				TARGETED_DEVICE_FAMILY = "1,2";
			};
			name = Release;
		};
/* End XCBuildConfiguration section */

/* Begin XCConfigurationList section */
		38E016CB243A307E006D8A0B /* Build configuration list for PBXProject "bingebot" */ = {
			isa = XCConfigurationList;
			buildConfigurations = (
				38E016E2243A3082006D8A0B /* Debug */,
				38E016E3243A3082006D8A0B /* Release */,
			);
			defaultConfigurationIsVisible = 0;
			defaultConfigurationName = Release;
		};
		38E016E4243A3082006D8A0B /* Build configuration list for PBXNativeTarget "bingebot" */ = {
			isa = XCConfigurationList;
			buildConfigurations = (
				38E016E5243A3082006D8A0B /* Debug */,
				38E016E6243A3082006D8A0B /* Release */,
			);
			defaultConfigurationIsVisible = 0;
			defaultConfigurationName = Release;
		};
/* End XCConfigurationList section */
	};
	rootObject = 38E016C8243A307E006D8A0B /* Project object */;
}
